
Microsoft Visual Studio Solution File, Format Version 12.00
# Visual Studio Version 16
VisualStudioVersion = 16.0.34301.259
MinimumVisualStudioVersion = 10.0.40219.1
Project("{FAE04EC0-301F-11D3-BF4B-00C04F79EFBC}") = "TryCatchAssignment", "TryCatchAssignment\TryCatchAssignment.csproj", "{4C95FB9C-D00D-449D-B000-214BBAD73F9C}"
EndProject
Global
	GlobalSection(SolutionConfigurationPlatforms) = preSolution
		Debug|Any CPU = Debug|Any CPU
		Release|Any CPU = Release|Any CPU
	EndGlobalSection
	GlobalSection(ProjectConfigurationPlatforms) = postSolution
		{4C95FB9C-D00D-449D-B000-214BBAD73F9C}.Debug|Any CPU.ActiveCfg = Debug|Any CPU
		{4C95FB9C-D00D-449D-B000-214BBAD73F9C}.Debug|Any CPU.Build.0 = Debug|Any CPU
		{4C95FB9C-D00D-449D-B000-214BBAD73F9C}.Release|Any CPU.ActiveCfg = Release|Any CPU
		{4C95FB9C-D00D-449D-B000-214BBAD73F9C}.Release|Any CPU.Build.0 = Release|Any CPU
	EndGlobalSection
	GlobalSection(SolutionProperties) = preSolution
		HideSolutionNode = FALSE
	EndGlobalSection
	GlobalSection(ExtensibilityGlobals) = postSolution
		SolutionGuid = {A589D0A9-450C-4BF2-93DA-CF83EA9C1B0D}
	EndGlobalSection
EndGlobal
