
Microsoft Visual Studio Solution File, Format Version 12.00
# Visual Studio Version 16
VisualStudioVersion = 16.0.34301.259
MinimumVisualStudioVersion = 10.0.40219.1
Project("{FAE04EC0-301F-11D3-BF4B-00C04F79EFBC}") = "AcmeAccountingSystems", "AcmeAccountingSystems\AcmeAccountingSystems.csproj", "{14F69179-CEBC-4BF1-864A-974457C7C0A1}"
EndProject
Global
	GlobalSection(SolutionConfigurationPlatforms) = preSolution
		Debug|Any CPU = Debug|Any CPU
		Release|Any CPU = Release|Any CPU
	EndGlobalSection
	GlobalSection(ProjectConfigurationPlatforms) = postSolution
		{14F69179-CEBC-4BF1-864A-974457C7C0A1}.Debug|Any CPU.ActiveCfg = Debug|Any CPU
		{14F69179-CEBC-4BF1-864A-974457C7C0A1}.Debug|Any CPU.Build.0 = Debug|Any CPU
		{14F69179-CEBC-4BF1-864A-974457C7C0A1}.Release|Any CPU.ActiveCfg = Release|Any CPU
		{14F69179-CEBC-4BF1-864A-974457C7C0A1}.Release|Any CPU.Build.0 = Release|Any CPU
	EndGlobalSection
	GlobalSection(SolutionProperties) = preSolution
		HideSolutionNode = FALSE
	EndGlobalSection
	GlobalSection(ExtensibilityGlobals) = postSolution
		SolutionGuid = {C65DE927-8AD4-412D-8994-4DD4A6F2F4EC}
	EndGlobalSection
EndGlobal
