
Microsoft Visual Studio Solution File, Format Version 12.00
# Visual Studio Version 16
VisualStudioVersion = 16.0.34301.259
MinimumVisualStudioVersion = 10.0.40219.1
Project("{FAE04EC0-301F-11D3-BF4B-00C04F79EFBC}") = "MathAndComparisonOperatorAssignment", "MathAndComparisonOperatorAssignment\MathAndComparisonOperatorAssignment.csproj", "{FC6D632A-3E7E-426E-83EA-B6B761D6F0E4}"
EndProject
Global
	GlobalSection(SolutionConfigurationPlatforms) = preSolution
		Debug|Any CPU = Debug|Any CPU
		Release|Any CPU = Release|Any CPU
	EndGlobalSection
	GlobalSection(ProjectConfigurationPlatforms) = postSolution
		{FC6D632A-3E7E-426E-83EA-B6B761D6F0E4}.Debug|Any CPU.ActiveCfg = Debug|Any CPU
		{FC6D632A-3E7E-426E-83EA-B6B761D6F0E4}.Debug|Any CPU.Build.0 = Debug|Any CPU
		{FC6D632A-3E7E-426E-83EA-B6B761D6F0E4}.Release|Any CPU.ActiveCfg = Release|Any CPU
		{FC6D632A-3E7E-426E-83EA-B6B761D6F0E4}.Release|Any CPU.Build.0 = Release|Any CPU
	EndGlobalSection
	GlobalSection(SolutionProperties) = preSolution
		HideSolutionNode = FALSE
	EndGlobalSection
	GlobalSection(ExtensibilityGlobals) = postSolution
		SolutionGuid = {D67317BF-0D2D-4516-AF8D-AB6906D8E131}
	EndGlobalSection
EndGlobal
