
Microsoft Visual Studio Solution File, Format Version 12.00
# Visual Studio Version 16
VisualStudioVersion = 16.0.34301.259
MinimumVisualStudioVersion = 10.0.40219.1
Project("{FAE04EC0-301F-11D3-BF4B-00C04F79EFBC}") = "ConsoleAppArraySubmission", "ConsoleAppArraySubmission\ConsoleAppArraySubmission.csproj", "{5B3C1214-4157-4807-90C3-787439CDE203}"
EndProject
Global
	GlobalSection(SolutionConfigurationPlatforms) = preSolution
		Debug|Any CPU = Debug|Any CPU
		Release|Any CPU = Release|Any CPU
	EndGlobalSection
	GlobalSection(ProjectConfigurationPlatforms) = postSolution
		{5B3C1214-4157-4807-90C3-787439CDE203}.Debug|Any CPU.ActiveCfg = Debug|Any CPU
		{5B3C1214-4157-4807-90C3-787439CDE203}.Debug|Any CPU.Build.0 = Debug|Any CPU
		{5B3C1214-4157-4807-90C3-787439CDE203}.Release|Any CPU.ActiveCfg = Release|Any CPU
		{5B3C1214-4157-4807-90C3-787439CDE203}.Release|Any CPU.Build.0 = Release|Any CPU
	EndGlobalSection
	GlobalSection(SolutionProperties) = preSolution
		HideSolutionNode = FALSE
	EndGlobalSection
	GlobalSection(ExtensibilityGlobals) = postSolution
		SolutionGuid = {4C84A854-1A60-4375-8BCB-468F68A2C219}
	EndGlobalSection
EndGlobal
