
Microsoft Visual Studio Solution File, Format Version 12.00
# Visual Studio Version 16
VisualStudioVersion = 16.0.34301.259
MinimumVisualStudioVersion = 10.0.40219.1
Project("{FAE04EC0-301F-11D3-BF4B-00C04F79EFBC}") = "StringFunctions", "StringFunctions\StringFunctions.csproj", "{6C05BE91-380D-4A29-98EA-0A7E706068BC}"
EndProject
Global
	GlobalSection(SolutionConfigurationPlatforms) = preSolution
		Debug|Any CPU = Debug|Any CPU
		Release|Any CPU = Release|Any CPU
	EndGlobalSection
	GlobalSection(ProjectConfigurationPlatforms) = postSolution
		{6C05BE91-380D-4A29-98EA-0A7E706068BC}.Debug|Any CPU.ActiveCfg = Debug|Any CPU
		{6C05BE91-380D-4A29-98EA-0A7E706068BC}.Debug|Any CPU.Build.0 = Debug|Any CPU
		{6C05BE91-380D-4A29-98EA-0A7E706068BC}.Release|Any CPU.ActiveCfg = Release|Any CPU
		{6C05BE91-380D-4A29-98EA-0A7E706068BC}.Release|Any CPU.Build.0 = Release|Any CPU
	EndGlobalSection
	GlobalSection(SolutionProperties) = preSolution
		HideSolutionNode = FALSE
	EndGlobalSection
	GlobalSection(ExtensibilityGlobals) = postSolution
		SolutionGuid = {D4DD7555-6CF7-4D48-9E23-B523EAE23F45}
	EndGlobalSection
EndGlobal
