
Microsoft Visual Studio Solution File, Format Version 12.00
# Visual Studio Version 16
VisualStudioVersion = 16.0.34301.259
MinimumVisualStudioVersion = 10.0.40219.1
Project("{FAE04EC0-301F-11D3-BF4B-00C04F79EFBC}") = "MainMethodSubmission", "MainMethodSubmission\MainMethodSubmission.csproj", "{AB781DBB-77BC-4AED-8BBE-FA1BED146E25}"
EndProject
Global
	GlobalSection(SolutionConfigurationPlatforms) = preSolution
		Debug|Any CPU = Debug|Any CPU
		Release|Any CPU = Release|Any CPU
	EndGlobalSection
	GlobalSection(ProjectConfigurationPlatforms) = postSolution
		{AB781DBB-77BC-4AED-8BBE-FA1BED146E25}.Debug|Any CPU.ActiveCfg = Debug|Any CPU
		{AB781DBB-77BC-4AED-8BBE-FA1BED146E25}.Debug|Any CPU.Build.0 = Debug|Any CPU
		{AB781DBB-77BC-4AED-8BBE-FA1BED146E25}.Release|Any CPU.ActiveCfg = Release|Any CPU
		{AB781DBB-77BC-4AED-8BBE-FA1BED146E25}.Release|Any CPU.Build.0 = Release|Any CPU
	EndGlobalSection
	GlobalSection(SolutionProperties) = preSolution
		HideSolutionNode = FALSE
	EndGlobalSection
	GlobalSection(ExtensibilityGlobals) = postSolution
		SolutionGuid = {F0CE91FE-FF8A-437D-BE59-A6BF6E766B5E}
	EndGlobalSection
EndGlobal
